Microsoft Visual Studio Solution File, Format Version 12.00
# Visual Studio Version 17
VisualStudioVersion = 17.5.2.0
MinimumVisualStudioVersion = 10.0.40219.1
Project("{FAE04EC0-301F-11D3-BF4B-00C04F79EFBC}") = "SampleASPDotNetCore", "SampleASPDotNetCore.csproj", "{ACE461E0-54B2-CC39-6D54-517E2415AEF3}"
EndProject
Global
	GlobalSection(SolutionConfigurationPlatforms) = preSolution
		Debug|Any CPU = Debug|Any CPU
		Release|Any CPU = Release|Any CPU
	EndGlobalSection
	GlobalSection(ProjectConfigurationPlatforms) = postSolution
		{ACE461E0-54B2-CC39-6D54-517E2415AEF3}.Debug|Any CPU.ActiveCfg = Debug|Any CPU
		{ACE461E0-54B2-CC39-6D54-517E2415AEF3}.Debug|Any CPU.Build.0 = Debug|Any CPU
		{ACE461E0-54B2-CC39-6D54-517E2415AEF3}.Release|Any CPU.ActiveCfg = Release|Any CPU
		{ACE461E0-54B2-CC39-6D54-517E2415AEF3}.Release|Any CPU.Build.0 = Release|Any CPU
	EndGlobalSection
	GlobalSection(SolutionProperties) = preSolution
		HideSolutionNode = FALSE
	EndGlobalSection
	GlobalSection(ExtensibilityGlobals) = postSolution
		SolutionGuid = {FDF6C963-7E2D-411A-82E0-66E38FAA1E51}
	EndGlobalSection
EndGlobal
